
Microsoft Visual Studio Solution File, Format Version 12.00
# Visual Studio 14
VisualStudioVersion = 14.0.25420.1
MinimumVisualStudioVersion = 10.0.40219.1
Project("{FAE04EC0-301F-11D3-BF4B-00C04F79EFBC}") = "EFViewCache", "EFViewCache\EFViewCache.csproj", "{41282E4A-0E73-447C-A8E1-2CE3A006EE73}"
EndProject
Project("{FAE04EC0-301F-11D3-BF4B-00C04F79EFBC}") = "EFViewCache.Tests", "EFViewCache.Tests\EFViewCache.Tests.csproj", "{476FA6BA-6AEC-4AE9-B3F7-B06A8D455195}"
EndProject
Global
	GlobalSection(SolutionConfigurationPlatforms) = preSolution
		Debug|Any CPU = Debug|Any CPU
		Debug|ARM = Debug|ARM
		Debug|x64 = Debug|x64
		Debug|x86 = Debug|x86
		Release|Any CPU = Release|Any CPU
		Release|ARM = Release|ARM
		Release|x64 = Release|x64
		Release|x86 = Release|x86
	EndGlobalSection
	GlobalSection(ProjectConfigurationPlatforms) = postSolution
		{41282E4A-0E73-447C-A8E1-2CE3A006EE73}.Debug|Any CPU.ActiveCfg = Debug|Any CPU
		{41282E4A-0E73-447C-A8E1-2CE3A006EE73}.Debug|Any CPU.Build.0 = Debug|Any CPU
		{41282E4A-0E73-447C-A8E1-2CE3A006EE73}.Debug|ARM.ActiveCfg = Debug|Any CPU
		{41282E4A-0E73-447C-A8E1-2CE3A006EE73}.Debug|ARM.Build.0 = Debug|Any CPU
		{41282E4A-0E73-447C-A8E1-2CE3A006EE73}.Debug|x64.ActiveCfg = Debug|Any CPU
		{41282E4A-0E73-447C-A8E1-2CE3A006EE73}.Debug|x64.Build.0 = Debug|Any CPU
		{41282E4A-0E73-447C-A8E1-2CE3A006EE73}.Debug|x86.ActiveCfg = Debug|Any CPU
		{41282E4A-0E73-447C-A8E1-2CE3A006EE73}.Debug|x86.Build.0 = Debug|Any CPU
		{41282E4A-0E73-447C-A8E1-2CE3A006EE73}.Release|Any CPU.ActiveCfg = Release|Any CPU
		{41282E4A-0E73-447C-A8E1-2CE3A006EE73}.Release|Any CPU.Build.0 = Release|Any CPU
		{41282E4A-0E73-447C-A8E1-2CE3A006EE73}.Release|ARM.ActiveCfg = Release|Any CPU
		{41282E4A-0E73-447C-A8E1-2CE3A006EE73}.Release|ARM.Build.0 = Release|Any CPU
		{41282E4A-0E73-447C-A8E1-2CE3A006EE73}.Release|x64.ActiveCfg = Release|Any CPU
		{41282E4A-0E73-447C-A8E1-2CE3A006EE73}.Release|x64.Build.0 = Release|Any CPU
		{41282E4A-0E73-447C-A8E1-2CE3A006EE73}.Release|x86.ActiveCfg = Release|Any CPU
		{41282E4A-0E73-447C-A8E1-2CE3A006EE73}.Release|x86.Build.0 = Release|Any CPU
		{476FA6BA-6AEC-4AE9-B3F7-B06A8D455195}.Debug|Any CPU.ActiveCfg = Debug|Any CPU
		{476FA6BA-6AEC-4AE9-B3F7-B06A8D455195}.Debug|Any CPU.Build.0 = Debug|Any CPU
		{476FA6BA-6AEC-4AE9-B3F7-B06A8D455195}.Debug|ARM.ActiveCfg = Debug|Any CPU
		{476FA6BA-6AEC-4AE9-B3F7-B06A8D455195}.Debug|ARM.Build.0 = Debug|Any CPU
		{476FA6BA-6AEC-4AE9-B3F7-B06A8D455195}.Debug|x64.ActiveCfg = Debug|Any CPU
		{476FA6BA-6AEC-4AE9-B3F7-B06A8D455195}.Debug|x64.Build.0 = Debug|Any CPU
		{476FA6BA-6AEC-4AE9-B3F7-B06A8D455195}.Debug|x86.ActiveCfg = Debug|Any CPU
		{476FA6BA-6AEC-4AE9-B3F7-B06A8D455195}.Debug|x86.Build.0 = Debug|Any CPU
		{476FA6BA-6AEC-4AE9-B3F7-B06A8D455195}.Release|Any CPU.ActiveCfg = Release|Any CPU
		{476FA6BA-6AEC-4AE9-B3F7-B06A8D455195}.Release|Any CPU.Build.0 = Release|Any CPU
		{476FA6BA-6AEC-4AE9-B3F7-B06A8D455195}.Release|ARM.ActiveCfg = Release|Any CPU
		{476FA6BA-6AEC-4AE9-B3F7-B06A8D455195}.Release|ARM.Build.0 = Release|Any CPU
		{476FA6BA-6AEC-4AE9-B3F7-B06A8D455195}.Release|x64.ActiveCfg = Release|Any CPU
		{476FA6BA-6AEC-4AE9-B3F7-B06A8D455195}.Release|x64.Build.0 = Release|Any CPU
		{476FA6BA-6AEC-4AE9-B3F7-B06A8D455195}.Release|x86.ActiveCfg = Release|Any CPU
		{476FA6BA-6AEC-4AE9-B3F7-B06A8D455195}.Release|x86.Build.0 = Release|Any CPU
	EndGlobalSection
	GlobalSection(SolutionProperties) = preSolution
		HideSolutionNode = FALSE
	EndGlobalSection
EndGlobal
